
Microsoft Visual Studio Solution File, Format Version 12.00
# Visual Studio Version 16
VisualStudioVersion = 16.0.31613.86
MinimumVisualStudioVersion = 10.0.40219.1
Project("{FAE04EC0-301F-11D3-BF4B-00C04F79EFBC}") = "Taller_3", "Taller_3.csproj", "{04168B6B-8D9F-4A5F-BB06-87930C0DEC06}"
EndProject
Global
	GlobalSection(SolutionConfigurationPlatforms) = preSolution
		Debug|Any CPU = Debug|Any CPU
		Release|Any CPU = Release|Any CPU
	EndGlobalSection
	GlobalSection(ProjectConfigurationPlatforms) = postSolution
		{04168B6B-8D9F-4A5F-BB06-87930C0DEC06}.Debug|Any CPU.ActiveCfg = Debug|Any CPU
		{04168B6B-8D9F-4A5F-BB06-87930C0DEC06}.Debug|Any CPU.Build.0 = Debug|Any CPU
		{04168B6B-8D9F-4A5F-BB06-87930C0DEC06}.Release|Any CPU.ActiveCfg = Release|Any CPU
		{04168B6B-8D9F-4A5F-BB06-87930C0DEC06}.Release|Any CPU.Build.0 = Release|Any CPU
	EndGlobalSection
	GlobalSection(SolutionProperties) = preSolution
		HideSolutionNode = FALSE
	EndGlobalSection
	GlobalSection(ExtensibilityGlobals) = postSolution
		SolutionGuid = {BD66750A-B5A6-4F2C-BF03-5371E9C5EEF3}
	EndGlobalSection
EndGlobal
